
Microsoft Visual Studio Solution File, Format Version 12.00
# Visual Studio Version 17
VisualStudioVersion = 17.7.34031.279
MinimumVisualStudioVersion = 10.0.40219.1
Project("{8BC9CEB8-8B4A-11D0-8D11-00A0C91BC942}") = "线性表", "线性表\线性表.vcxproj", "{86771D9F-9F16-4DFA-A8E5-8FD0F7058943}"
EndProject
Global
	GlobalSection(SolutionConfigurationPlatforms) = preSolution
		Debug|x64 = Debug|x64
		Debug|x86 = Debug|x86
		Release|x64 = Release|x64
		Release|x86 = Release|x86
	EndGlobalSection
	GlobalSection(ProjectConfigurationPlatforms) = postSolution
		{86771D9F-9F16-4DFA-A8E5-8FD0F7058943}.Debug|x64.ActiveCfg = Debug|x64
		{86771D9F-9F16-4DFA-A8E5-8FD0F7058943}.Debug|x64.Build.0 = Debug|x64
		{86771D9F-9F16-4DFA-A8E5-8FD0F7058943}.Debug|x86.ActiveCfg = Debug|Win32
		{86771D9F-9F16-4DFA-A8E5-8FD0F7058943}.Debug|x86.Build.0 = Debug|Win32
		{86771D9F-9F16-4DFA-A8E5-8FD0F7058943}.Release|x64.ActiveCfg = Release|x64
		{86771D9F-9F16-4DFA-A8E5-8FD0F7058943}.Release|x64.Build.0 = Release|x64
		{86771D9F-9F16-4DFA-A8E5-8FD0F7058943}.Release|x86.ActiveCfg = Release|Win32
		{86771D9F-9F16-4DFA-A8E5-8FD0F7058943}.Release|x86.Build.0 = Release|Win32
	EndGlobalSection
	GlobalSection(SolutionProperties) = preSolution
		HideSolutionNode = FALSE
	EndGlobalSection
	GlobalSection(ExtensibilityGlobals) = postSolution
		SolutionGuid = {9BDC3E69-8B0D-4EA1-BCFD-2FD217B5B1AE}
	EndGlobalSection
EndGlobal
