
Microsoft Visual Studio Solution File, Format Version 12.00
# Visual Studio Version 17
VisualStudioVersion = 17.7.34031.279
MinimumVisualStudioVersion = 10.0.40219.1
Project("{8BC9CEB8-8B4A-11D0-8D11-00A0C91BC942}") = "基本算法——其它", "基本算法——其它\基本算法——其它.vcxproj", "{83601D39-1C3A-4A81-9BFF-4FE2670BB78C}"
EndProject
Global
	GlobalSection(SolutionConfigurationPlatforms) = preSolution
		Debug|x64 = Debug|x64
		Debug|x86 = Debug|x86
		Release|x64 = Release|x64
		Release|x86 = Release|x86
	EndGlobalSection
	GlobalSection(ProjectConfigurationPlatforms) = postSolution
		{83601D39-1C3A-4A81-9BFF-4FE2670BB78C}.Debug|x64.ActiveCfg = Debug|x64
		{83601D39-1C3A-4A81-9BFF-4FE2670BB78C}.Debug|x64.Build.0 = Debug|x64
		{83601D39-1C3A-4A81-9BFF-4FE2670BB78C}.Debug|x86.ActiveCfg = Debug|Win32
		{83601D39-1C3A-4A81-9BFF-4FE2670BB78C}.Debug|x86.Build.0 = Debug|Win32
		{83601D39-1C3A-4A81-9BFF-4FE2670BB78C}.Release|x64.ActiveCfg = Release|x64
		{83601D39-1C3A-4A81-9BFF-4FE2670BB78C}.Release|x64.Build.0 = Release|x64
		{83601D39-1C3A-4A81-9BFF-4FE2670BB78C}.Release|x86.ActiveCfg = Release|Win32
		{83601D39-1C3A-4A81-9BFF-4FE2670BB78C}.Release|x86.Build.0 = Release|Win32
	EndGlobalSection
	GlobalSection(SolutionProperties) = preSolution
		HideSolutionNode = FALSE
	EndGlobalSection
	GlobalSection(ExtensibilityGlobals) = postSolution
		SolutionGuid = {42CD2013-D2CA-4489-BD60-DDD3F28E0F35}
	EndGlobalSection
EndGlobal
